
Microsoft Visual Studio Solution File, Format Version 12.00
# Visual Studio 2013
VisualStudioVersion = 12.0.21005.1
MinimumVisualStudioVersion = 10.0.40219.1
Project("{FAE04EC0-301F-11D3-BF4B-00C04F79EFBC}") = "SkinDetect", "HandDetect\SkinDetect.csproj", "{DAC75FA9-CF46-43C6-8CD3-AAC9D4034DEA}"
EndProject
Global
	GlobalSection(SolutionConfigurationPlatforms) = preSolution
		Debug|Any CPU = Debug|Any CPU
		Debug|x64 = Debug|x64
		Release|Any CPU = Release|Any CPU
		Release|x64 = Release|x64
	EndGlobalSection
	GlobalSection(ProjectConfigurationPlatforms) = postSolution
		{DAC75FA9-CF46-43C6-8CD3-AAC9D4034DEA}.Debug|Any CPU.ActiveCfg = Debug|x64
		{DAC75FA9-CF46-43C6-8CD3-AAC9D4034DEA}.Debug|x64.ActiveCfg = Debug|x64
		{DAC75FA9-CF46-43C6-8CD3-AAC9D4034DEA}.Debug|x64.Build.0 = Debug|x64
		{DAC75FA9-CF46-43C6-8CD3-AAC9D4034DEA}.Release|Any CPU.ActiveCfg = Release|x64
		{DAC75FA9-CF46-43C6-8CD3-AAC9D4034DEA}.Release|x64.ActiveCfg = Release|x64
		{DAC75FA9-CF46-43C6-8CD3-AAC9D4034DEA}.Release|x64.Build.0 = Release|x64
	EndGlobalSection
	GlobalSection(SolutionProperties) = preSolution
		HideSolutionNode = FALSE
	EndGlobalSection
EndGlobal
